
Microsoft Visual Studio Solution File, Format Version 12.00
# Visual Studio Version 18
VisualStudioVersion = 18.0.11222.15
MinimumVisualStudioVersion = 10.0.40219.1
Project("{9A19103F-16F7-4668-BE54-9A1E7A4F7556}") = "Assembly.Executable", "Assemblies\Assembly.Executable\Assembly.Executable.csproj", "{E716CDD9-AB88-4C43-98BB-5D3CF3DFA45E}"
EndProject
Project("{2150E333-8FDC-42A3-9474-1A3956D46DE8}") = "RabbitMQ", "RabbitMQ", "{89CD4CDA-4C0A-4F8F-BB3F-27AF50E371DB}"
EndProject
Project("{2150E333-8FDC-42A3-9474-1A3956D46DE8}") = "HelloWorld", "HelloWorld", "{7A53EA5D-23CB-45A9-9E01-123167F1F264}"
	ProjectSection(SolutionItems) = preProject
		RabbitMQ\HelloWorld\README.md = RabbitMQ\HelloWorld\README.md
	EndProjectSection
EndProject
Project("{2150E333-8FDC-42A3-9474-1A3956D46DE8}") = "Assemblies", "Assemblies", "{DC9696D5-EF28-4EA3-B050-DC6BCF8E08A3}"
	ProjectSection(SolutionItems) = preProject
		Assemblies\README.md = Assemblies\README.md
	EndProjectSection
EndProject
Project("{9A19103F-16F7-4668-BE54-9A1E7A4F7556}") = "Assembly.Library", "Assemblies\Assembly.Library\Assembly.Library.csproj", "{785B7BDF-1A73-468C-B8FE-B53B96F4089F}"
EndProject
Project("{9A19103F-16F7-4668-BE54-9A1E7A4F7556}") = "Send", "RabbitMQ\HelloWorld\Send\Send.csproj", "{B41DE80C-4901-4A92-B25D-D44AB2733843}"
EndProject
Project("{9A19103F-16F7-4668-BE54-9A1E7A4F7556}") = "Receive", "RabbitMQ\HelloWorld\Receive\Receive.csproj", "{B1AD49E3-6E94-4899-93EA-D6DC896A99FE}"
EndProject
Project("{2150E333-8FDC-42A3-9474-1A3956D46DE8}") = "Solution Items", "Solution Items", "{B7DF61B4-7324-4290-98A0-621235406F7F}"
	ProjectSection(SolutionItems) = preProject
		.gitignore = .gitignore
		README.md = README.md
	EndProjectSection
EndProject
Project("{2150E333-8FDC-42A3-9474-1A3956D46DE8}") = "UltimateHelloWorld", "UltimateHelloWorld", "{05F0AF83-9155-449E-BFAD-168F02C74793}"
EndProject
Project("{9A19103F-16F7-4668-BE54-9A1E7A4F7556}") = "UltimateHelloWorld", "UltimateHelloWorld\UltimateHelloWorld.csproj", "{D20F2DA7-827C-4315-BCE4-BFEE8BAD4D0C}"
EndProject
Project("{9A19103F-16F7-4668-BE54-9A1E7A4F7556}") = "HelloWorldLibrary", "UltimateHelloWorld\HelloWorldLibrary\HelloWorldLibrary.csproj", "{2B7EC710-D196-492E-B1A6-340F476C5879}"
EndProject
Project("{9A19103F-16F7-4668-BE54-9A1E7A4F7556}") = "HelloWorldTests", "UltimateHelloWorld\HelloWorldTests\HelloWorldTests.csproj", "{DEC18C27-D71F-4F5F-A69F-B5E44BEBD189}"
EndProject
Project("{2150E333-8FDC-42A3-9474-1A3956D46DE8}") = "AsynchronousExample", "AsynchronousExample", "{EF0FD49E-B25E-4B25-9AB9-841F354B32B1}"
EndProject
Project("{9A19103F-16F7-4668-BE54-9A1E7A4F7556}") = "AsynchronousProgrammingExample", "AsynchronousExample\AsynchronousProgrammingExample\AsynchronousProgrammingExample.csproj", "{FC337EE4-AB6D-4EF9-8459-970A17792E3E}"
EndProject
Project("{2150E333-8FDC-42A3-9474-1A3956D46DE8}") = "FileWatcher", "FileWatcher", "{EC739549-79A1-45FD-9949-D877705D387E}"
	ProjectSection(SolutionItems) = preProject
		FileWatcher\app.config = FileWatcher\app.config
		FileWatcher\README.md = FileWatcher\README.md
	EndProjectSection
EndProject
Project("{9A19103F-16F7-4668-BE54-9A1E7A4F7556}") = "FileWatcher", "FileWatcher\FileWatcher\FileWatcher.csproj", "{E8487F51-9D68-4946-A4E9-E9240897099C}"
EndProject
Project("{9A19103F-16F7-4668-BE54-9A1E7A4F7556}") = "FileWatcher.Utils", "FileWatcher\FileWatcher.Utils\FileWatcher.Utils.csproj", "{6A8ADAEA-CDA5-4696-A028-32F7655466D2}"
EndProject
Project("{2150E333-8FDC-42A3-9474-1A3956D46DE8}") = "data", "data", "{09EF87FC-03CB-48BD-8A9F-E9823B513832}"
	ProjectSection(SolutionItems) = preProject
		FileWatcher\data\blub.txt = FileWatcher\data\blub.txt
		FileWatcher\data\FileStorage.json = FileWatcher\data\FileStorage.json
	EndProjectSection
EndProject
Project("{2150E333-8FDC-42A3-9474-1A3956D46DE8}") = "PDF", "PDF", "{02033AA4-2C2D-45FC-ABDC-2DB4B2B102DC}"
	ProjectSection(SolutionItems) = preProject
		FileWatcher\data\PDF\test1.pdf = FileWatcher\data\PDF\test1.pdf
		FileWatcher\data\PDF\test2.pdf = FileWatcher\data\PDF\test2.pdf
	EndProjectSection
EndProject
Project("{2150E333-8FDC-42A3-9474-1A3956D46DE8}") = "Astronomy", "Astronomy", "{209B3417-2053-47F9-B018-02F8744E62CB}"
	ProjectSection(SolutionItems) = preProject
		FileWatcher\data\PDF\Astronomy\Astro_sheet1.pdf = FileWatcher\data\PDF\Astronomy\Astro_sheet1.pdf
	EndProjectSection
EndProject
Project("{2150E333-8FDC-42A3-9474-1A3956D46DE8}") = "Paleontology", "Paleontology", "{9F2830EB-3893-46B6-AEF3-77BBEABA5D5E}"
	ProjectSection(SolutionItems) = preProject
		FileWatcher\data\PDF\Paleontology\poaleo1.pdf = FileWatcher\data\PDF\Paleontology\poaleo1.pdf
		FileWatcher\data\PDF\Paleontology\poaleo2.pdf = FileWatcher\data\PDF\Paleontology\poaleo2.pdf
		FileWatcher\data\PDF\Paleontology\poaleo3.pdf = FileWatcher\data\PDF\Paleontology\poaleo3.pdf
	EndProjectSection
EndProject
Project("{9A19103F-16F7-4668-BE54-9A1E7A4F7556}") = "FileWatcher.Config", "FileWatcher\FileWatcher.Config\FileWatcher.Config.csproj", "{91165D91-1C63-4E31-896C-8D0E0E58CCEB}"
EndProject
Project("{FAE04EC0-301F-11D3-BF4B-00C04F79EFBC}") = "AwaitAsyncTaskOrNot", "AwaitAsyncTaskOrNot\AwaitAsyncTaskOrNot.csproj", "{238884AC-62CA-42BC-B164-7397A0CC23F4}"
EndProject
Project("{FAE04EC0-301F-11D3-BF4B-00C04F79EFBC}") = "Benchmarking", "DailyTrainig\Benchmarking\Benchmarking.csproj", "{C739E523-8171-4D98-AFF1-415FDBC6D8E9}"
EndProject
Project("{2150E333-8FDC-42A3-9474-1A3956D46DE8}") = "CSharp", "CSharp", "{D0F27116-0F68-49C4-A799-457B7F34F64F}"
	ProjectSection(SolutionItems) = preProject
		DailyTrainig\README.md = DailyTrainig\README.md
	EndProjectSection
EndProject
Project("{FAE04EC0-301F-11D3-BF4B-00C04F79EFBC}") = "CSharp", "DailyTrainig\CSharp\CSharp.csproj", "{5E78243E-4AFB-497C-A56C-EE49FE8FD6CD}"
EndProject
Project("{FAE04EC0-301F-11D3-BF4B-00C04F79EFBC}") = "net10", "DotnetReleases\net10\net10.csproj", "{501D247A-0BF4-4F56-8C99-8365D8720231}"
EndProject
Project("{2150E333-8FDC-42A3-9474-1A3956D46DE8}") = "DotnetReleases", "DotnetReleases", "{02EA681E-C7D8-13C7-8484-4AC65E1B71E8}"
EndProject
Project("{2150E333-8FDC-42A3-9474-1A3956D46DE8}") = "Scripts", "Scripts", "{8D5B3768-1D1A-43C7-8D96-57FA108DCC2C}"
	ProjectSection(SolutionItems) = preProject
		Scripts\delegate_script.cs = Scripts\delegate_script.cs
		Scripts\README.md = Scripts\README.md
		Scripts\scripts_linux.cs = Scripts\scripts_linux.cs
		Scripts\scripts_windows.cs = Scripts\scripts_windows.cs
	EndProjectSection
EndProject
Global
	GlobalSection(SolutionConfigurationPlatforms) = preSolution
		Debug|Any CPU = Debug|Any CPU
		Release|Any CPU = Release|Any CPU
	EndGlobalSection
	GlobalSection(ProjectConfigurationPlatforms) = postSolution
		{E716CDD9-AB88-4C43-98BB-5D3CF3DFA45E}.Debug|Any CPU.ActiveCfg = Debug|Any CPU
		{E716CDD9-AB88-4C43-98BB-5D3CF3DFA45E}.Debug|Any CPU.Build.0 = Debug|Any CPU
		{E716CDD9-AB88-4C43-98BB-5D3CF3DFA45E}.Release|Any CPU.ActiveCfg = Release|Any CPU
		{E716CDD9-AB88-4C43-98BB-5D3CF3DFA45E}.Release|Any CPU.Build.0 = Release|Any CPU
		{785B7BDF-1A73-468C-B8FE-B53B96F4089F}.Debug|Any CPU.ActiveCfg = Debug|Any CPU
		{785B7BDF-1A73-468C-B8FE-B53B96F4089F}.Debug|Any CPU.Build.0 = Debug|Any CPU
		{785B7BDF-1A73-468C-B8FE-B53B96F4089F}.Release|Any CPU.ActiveCfg = Release|Any CPU
		{785B7BDF-1A73-468C-B8FE-B53B96F4089F}.Release|Any CPU.Build.0 = Release|Any CPU
		{B41DE80C-4901-4A92-B25D-D44AB2733843}.Debug|Any CPU.ActiveCfg = Debug|Any CPU
		{B41DE80C-4901-4A92-B25D-D44AB2733843}.Debug|Any CPU.Build.0 = Debug|Any CPU
		{B41DE80C-4901-4A92-B25D-D44AB2733843}.Release|Any CPU.ActiveCfg = Release|Any CPU
		{B41DE80C-4901-4A92-B25D-D44AB2733843}.Release|Any CPU.Build.0 = Release|Any CPU
		{B1AD49E3-6E94-4899-93EA-D6DC896A99FE}.Debug|Any CPU.ActiveCfg = Debug|Any CPU
		{B1AD49E3-6E94-4899-93EA-D6DC896A99FE}.Debug|Any CPU.Build.0 = Debug|Any CPU
		{B1AD49E3-6E94-4899-93EA-D6DC896A99FE}.Release|Any CPU.ActiveCfg = Release|Any CPU
		{B1AD49E3-6E94-4899-93EA-D6DC896A99FE}.Release|Any CPU.Build.0 = Release|Any CPU
		{D20F2DA7-827C-4315-BCE4-BFEE8BAD4D0C}.Debug|Any CPU.ActiveCfg = Debug|Any CPU
		{D20F2DA7-827C-4315-BCE4-BFEE8BAD4D0C}.Debug|Any CPU.Build.0 = Debug|Any CPU
		{D20F2DA7-827C-4315-BCE4-BFEE8BAD4D0C}.Release|Any CPU.ActiveCfg = Release|Any CPU
		{D20F2DA7-827C-4315-BCE4-BFEE8BAD4D0C}.Release|Any CPU.Build.0 = Release|Any CPU
		{2B7EC710-D196-492E-B1A6-340F476C5879}.Debug|Any CPU.ActiveCfg = Debug|Any CPU
		{2B7EC710-D196-492E-B1A6-340F476C5879}.Debug|Any CPU.Build.0 = Debug|Any CPU
		{2B7EC710-D196-492E-B1A6-340F476C5879}.Release|Any CPU.ActiveCfg = Release|Any CPU
		{2B7EC710-D196-492E-B1A6-340F476C5879}.Release|Any CPU.Build.0 = Release|Any CPU
		{DEC18C27-D71F-4F5F-A69F-B5E44BEBD189}.Debug|Any CPU.ActiveCfg = Debug|Any CPU
		{DEC18C27-D71F-4F5F-A69F-B5E44BEBD189}.Debug|Any CPU.Build.0 = Debug|Any CPU
		{DEC18C27-D71F-4F5F-A69F-B5E44BEBD189}.Release|Any CPU.ActiveCfg = Release|Any CPU
		{DEC18C27-D71F-4F5F-A69F-B5E44BEBD189}.Release|Any CPU.Build.0 = Release|Any CPU
		{FC337EE4-AB6D-4EF9-8459-970A17792E3E}.Debug|Any CPU.ActiveCfg = Debug|Any CPU
		{FC337EE4-AB6D-4EF9-8459-970A17792E3E}.Debug|Any CPU.Build.0 = Debug|Any CPU
		{FC337EE4-AB6D-4EF9-8459-970A17792E3E}.Release|Any CPU.ActiveCfg = Release|Any CPU
		{FC337EE4-AB6D-4EF9-8459-970A17792E3E}.Release|Any CPU.Build.0 = Release|Any CPU
		{E8487F51-9D68-4946-A4E9-E9240897099C}.Debug|Any CPU.ActiveCfg = Debug|Any CPU
		{E8487F51-9D68-4946-A4E9-E9240897099C}.Debug|Any CPU.Build.0 = Debug|Any CPU
		{E8487F51-9D68-4946-A4E9-E9240897099C}.Release|Any CPU.ActiveCfg = Release|Any CPU
		{E8487F51-9D68-4946-A4E9-E9240897099C}.Release|Any CPU.Build.0 = Release|Any CPU
		{6A8ADAEA-CDA5-4696-A028-32F7655466D2}.Debug|Any CPU.ActiveCfg = Debug|Any CPU
		{6A8ADAEA-CDA5-4696-A028-32F7655466D2}.Debug|Any CPU.Build.0 = Debug|Any CPU
		{6A8ADAEA-CDA5-4696-A028-32F7655466D2}.Release|Any CPU.ActiveCfg = Release|Any CPU
		{6A8ADAEA-CDA5-4696-A028-32F7655466D2}.Release|Any CPU.Build.0 = Release|Any CPU
		{91165D91-1C63-4E31-896C-8D0E0E58CCEB}.Debug|Any CPU.ActiveCfg = Debug|Any CPU
		{91165D91-1C63-4E31-896C-8D0E0E58CCEB}.Debug|Any CPU.Build.0 = Debug|Any CPU
		{91165D91-1C63-4E31-896C-8D0E0E58CCEB}.Release|Any CPU.ActiveCfg = Release|Any CPU
		{91165D91-1C63-4E31-896C-8D0E0E58CCEB}.Release|Any CPU.Build.0 = Release|Any CPU
		{238884AC-62CA-42BC-B164-7397A0CC23F4}.Debug|Any CPU.ActiveCfg = Debug|Any CPU
		{238884AC-62CA-42BC-B164-7397A0CC23F4}.Debug|Any CPU.Build.0 = Debug|Any CPU
		{238884AC-62CA-42BC-B164-7397A0CC23F4}.Release|Any CPU.ActiveCfg = Release|Any CPU
		{238884AC-62CA-42BC-B164-7397A0CC23F4}.Release|Any CPU.Build.0 = Release|Any CPU
		{C739E523-8171-4D98-AFF1-415FDBC6D8E9}.Debug|Any CPU.ActiveCfg = Debug|Any CPU
		{C739E523-8171-4D98-AFF1-415FDBC6D8E9}.Debug|Any CPU.Build.0 = Debug|Any CPU
		{C739E523-8171-4D98-AFF1-415FDBC6D8E9}.Release|Any CPU.ActiveCfg = Release|Any CPU
		{C739E523-8171-4D98-AFF1-415FDBC6D8E9}.Release|Any CPU.Build.0 = Release|Any CPU
		{5E78243E-4AFB-497C-A56C-EE49FE8FD6CD}.Debug|Any CPU.ActiveCfg = Debug|Any CPU
		{5E78243E-4AFB-497C-A56C-EE49FE8FD6CD}.Debug|Any CPU.Build.0 = Debug|Any CPU
		{5E78243E-4AFB-497C-A56C-EE49FE8FD6CD}.Release|Any CPU.ActiveCfg = Release|Any CPU
		{5E78243E-4AFB-497C-A56C-EE49FE8FD6CD}.Release|Any CPU.Build.0 = Release|Any CPU
		{501D247A-0BF4-4F56-8C99-8365D8720231}.Debug|Any CPU.ActiveCfg = Debug|Any CPU
		{501D247A-0BF4-4F56-8C99-8365D8720231}.Debug|Any CPU.Build.0 = Debug|Any CPU
		{501D247A-0BF4-4F56-8C99-8365D8720231}.Release|Any CPU.ActiveCfg = Release|Any CPU
		{501D247A-0BF4-4F56-8C99-8365D8720231}.Release|Any CPU.Build.0 = Release|Any CPU
	EndGlobalSection
	GlobalSection(SolutionProperties) = preSolution
		HideSolutionNode = FALSE
	EndGlobalSection
	GlobalSection(NestedProjects) = preSolution
		{E716CDD9-AB88-4C43-98BB-5D3CF3DFA45E} = {DC9696D5-EF28-4EA3-B050-DC6BCF8E08A3}
		{7A53EA5D-23CB-45A9-9E01-123167F1F264} = {89CD4CDA-4C0A-4F8F-BB3F-27AF50E371DB}
		{785B7BDF-1A73-468C-B8FE-B53B96F4089F} = {DC9696D5-EF28-4EA3-B050-DC6BCF8E08A3}
		{B41DE80C-4901-4A92-B25D-D44AB2733843} = {7A53EA5D-23CB-45A9-9E01-123167F1F264}
		{B1AD49E3-6E94-4899-93EA-D6DC896A99FE} = {7A53EA5D-23CB-45A9-9E01-123167F1F264}
		{D20F2DA7-827C-4315-BCE4-BFEE8BAD4D0C} = {05F0AF83-9155-449E-BFAD-168F02C74793}
		{2B7EC710-D196-492E-B1A6-340F476C5879} = {05F0AF83-9155-449E-BFAD-168F02C74793}
		{DEC18C27-D71F-4F5F-A69F-B5E44BEBD189} = {05F0AF83-9155-449E-BFAD-168F02C74793}
		{FC337EE4-AB6D-4EF9-8459-970A17792E3E} = {EF0FD49E-B25E-4B25-9AB9-841F354B32B1}
		{E8487F51-9D68-4946-A4E9-E9240897099C} = {EC739549-79A1-45FD-9949-D877705D387E}
		{6A8ADAEA-CDA5-4696-A028-32F7655466D2} = {EC739549-79A1-45FD-9949-D877705D387E}
		{09EF87FC-03CB-48BD-8A9F-E9823B513832} = {EC739549-79A1-45FD-9949-D877705D387E}
		{02033AA4-2C2D-45FC-ABDC-2DB4B2B102DC} = {09EF87FC-03CB-48BD-8A9F-E9823B513832}
		{209B3417-2053-47F9-B018-02F8744E62CB} = {02033AA4-2C2D-45FC-ABDC-2DB4B2B102DC}
		{9F2830EB-3893-46B6-AEF3-77BBEABA5D5E} = {02033AA4-2C2D-45FC-ABDC-2DB4B2B102DC}
		{91165D91-1C63-4E31-896C-8D0E0E58CCEB} = {EC739549-79A1-45FD-9949-D877705D387E}
		{238884AC-62CA-42BC-B164-7397A0CC23F4} = {EF0FD49E-B25E-4B25-9AB9-841F354B32B1}
		{C739E523-8171-4D98-AFF1-415FDBC6D8E9} = {D0F27116-0F68-49C4-A799-457B7F34F64F}
		{5E78243E-4AFB-497C-A56C-EE49FE8FD6CD} = {D0F27116-0F68-49C4-A799-457B7F34F64F}
		{501D247A-0BF4-4F56-8C99-8365D8720231} = {02EA681E-C7D8-13C7-8484-4AC65E1B71E8}
	EndGlobalSection
	GlobalSection(ExtensibilityGlobals) = postSolution
		SolutionGuid = {600776B7-9352-4074-8496-7B796BFF9083}
	EndGlobalSection
EndGlobal
