
Microsoft Visual Studio Solution File, Format Version 12.00
# Visual Studio Version 17
VisualStudioVersion = 17.3.32922.545
MinimumVisualStudioVersion = 10.0.40219.1
Project("{9A19103F-16F7-4668-BE54-9A1E7A4F7556}") = "Assembly.Executable", "Assemblies\Assembly.Executable\Assembly.Executable.csproj", "{E716CDD9-AB88-4C43-98BB-5D3CF3DFA45E}"
EndProject
Project("{2150E333-8FDC-42A3-9474-1A3956D46DE8}") = "RabbitMQ", "RabbitMQ", "{89CD4CDA-4C0A-4F8F-BB3F-27AF50E371DB}"
EndProject
Project("{2150E333-8FDC-42A3-9474-1A3956D46DE8}") = "HelloWorld", "HelloWorld", "{7A53EA5D-23CB-45A9-9E01-123167F1F264}"
EndProject
Project("{2150E333-8FDC-42A3-9474-1A3956D46DE8}") = "Assemblies", "Assemblies", "{DC9696D5-EF28-4EA3-B050-DC6BCF8E08A3}"
EndProject
Project("{9A19103F-16F7-4668-BE54-9A1E7A4F7556}") = "Assembly.Library", "Assemblies\Assembly.Library\Assembly.Library.csproj", "{785B7BDF-1A73-468C-B8FE-B53B96F4089F}"
EndProject
Project("{FAE04EC0-301F-11D3-BF4B-00C04F79EFBC}") = "Send", "RabbitMQ\HelloWorld\Send\Send.csproj", "{B41DE80C-4901-4A92-B25D-D44AB2733843}"
EndProject
Project("{9A19103F-16F7-4668-BE54-9A1E7A4F7556}") = "Receive", "RabbitMQ\HelloWorld\Receive\Receive.csproj", "{B1AD49E3-6E94-4899-93EA-D6DC896A99FE}"
EndProject
Global
	GlobalSection(SolutionConfigurationPlatforms) = preSolution
		Debug|Any CPU = Debug|Any CPU
		Release|Any CPU = Release|Any CPU
	EndGlobalSection
	GlobalSection(ProjectConfigurationPlatforms) = postSolution
		{E716CDD9-AB88-4C43-98BB-5D3CF3DFA45E}.Debug|Any CPU.ActiveCfg = Debug|Any CPU
		{E716CDD9-AB88-4C43-98BB-5D3CF3DFA45E}.Debug|Any CPU.Build.0 = Debug|Any CPU
		{E716CDD9-AB88-4C43-98BB-5D3CF3DFA45E}.Release|Any CPU.ActiveCfg = Release|Any CPU
		{E716CDD9-AB88-4C43-98BB-5D3CF3DFA45E}.Release|Any CPU.Build.0 = Release|Any CPU
		{785B7BDF-1A73-468C-B8FE-B53B96F4089F}.Debug|Any CPU.ActiveCfg = Debug|Any CPU
		{785B7BDF-1A73-468C-B8FE-B53B96F4089F}.Debug|Any CPU.Build.0 = Debug|Any CPU
		{785B7BDF-1A73-468C-B8FE-B53B96F4089F}.Release|Any CPU.ActiveCfg = Release|Any CPU
		{785B7BDF-1A73-468C-B8FE-B53B96F4089F}.Release|Any CPU.Build.0 = Release|Any CPU
		{B41DE80C-4901-4A92-B25D-D44AB2733843}.Debug|Any CPU.ActiveCfg = Debug|Any CPU
		{B41DE80C-4901-4A92-B25D-D44AB2733843}.Debug|Any CPU.Build.0 = Debug|Any CPU
		{B41DE80C-4901-4A92-B25D-D44AB2733843}.Release|Any CPU.ActiveCfg = Release|Any CPU
		{B41DE80C-4901-4A92-B25D-D44AB2733843}.Release|Any CPU.Build.0 = Release|Any CPU
		{B1AD49E3-6E94-4899-93EA-D6DC896A99FE}.Debug|Any CPU.ActiveCfg = Debug|Any CPU
		{B1AD49E3-6E94-4899-93EA-D6DC896A99FE}.Debug|Any CPU.Build.0 = Debug|Any CPU
		{B1AD49E3-6E94-4899-93EA-D6DC896A99FE}.Release|Any CPU.ActiveCfg = Release|Any CPU
		{B1AD49E3-6E94-4899-93EA-D6DC896A99FE}.Release|Any CPU.Build.0 = Release|Any CPU
	EndGlobalSection
	GlobalSection(SolutionProperties) = preSolution
		HideSolutionNode = FALSE
	EndGlobalSection
	GlobalSection(NestedProjects) = preSolution
		{E716CDD9-AB88-4C43-98BB-5D3CF3DFA45E} = {DC9696D5-EF28-4EA3-B050-DC6BCF8E08A3}
		{7A53EA5D-23CB-45A9-9E01-123167F1F264} = {89CD4CDA-4C0A-4F8F-BB3F-27AF50E371DB}
		{785B7BDF-1A73-468C-B8FE-B53B96F4089F} = {DC9696D5-EF28-4EA3-B050-DC6BCF8E08A3}
		{B41DE80C-4901-4A92-B25D-D44AB2733843} = {7A53EA5D-23CB-45A9-9E01-123167F1F264}
		{B1AD49E3-6E94-4899-93EA-D6DC896A99FE} = {7A53EA5D-23CB-45A9-9E01-123167F1F264}
	EndGlobalSection
	GlobalSection(ExtensibilityGlobals) = postSolution
		SolutionGuid = {600776B7-9352-4074-8496-7B796BFF9083}
	EndGlobalSection
EndGlobal
